{
    "version": 3,
    "terraform_version": "0.8.4",
    "serial": 14,
    "lineage": "1a57bbcd-b14c-4740-a346-f1c7cd1e43a3",
    "modules": [
        {
            "path": [
                "root"
            ],
            "outputs": {},
            "resources": {
                "google_compute_disk.yolo": {
                    "type": "google_compute_disk",
                    "depends_on": [],
                    "primary": {
                        "id": "test-disk",
                        "attributes": {
                            "id": "test-disk",
                            "name": "test-disk",
                            "self_link": "https://www.googleapis.com/compute/v1/projects/sinuous-country-156711/zones/asia-northeast1-c/disks/test-disk",
                            "size": "80",
                            "type": "pd-ssd",
                            "zone": "asia-northeast1-c"
                        },
                        "meta": {},
                        "tainted": false
                    },
                    "deposed": [],
                    "provider": ""
                }
            },
            "depends_on": []
        }
    ]
}
